Microsoft Visual Studio Solution File, Format Version 12.00
# Visual Studio Version 17
VisualStudioVersion = 17.5.2.0
MinimumVisualStudioVersion = 10.0.40219.1
Project("{FAE04EC0-301F-11D3-BF4B-00C04F79EFBC}") = "SP2_6", "SP2_6.csproj", "{3A3E9180-009D-0BF6-E0B4-2368844F491D}"
EndProject
Global
	GlobalSection(SolutionConfigurationPlatforms) = preSolution
		Debug|Any CPU = Debug|Any CPU
		Release|Any CPU = Release|Any CPU
	EndGlobalSection
	GlobalSection(ProjectConfigurationPlatforms) = postSolution
		{3A3E9180-009D-0BF6-E0B4-2368844F491D}.Debug|Any CPU.ActiveCfg = Debug|Any CPU
		{3A3E9180-009D-0BF6-E0B4-2368844F491D}.Debug|Any CPU.Build.0 = Debug|Any CPU
		{3A3E9180-009D-0BF6-E0B4-2368844F491D}.Release|Any CPU.ActiveCfg = Release|Any CPU
		{3A3E9180-009D-0BF6-E0B4-2368844F491D}.Release|Any CPU.Build.0 = Release|Any CPU
	EndGlobalSection
	GlobalSection(SolutionProperties) = preSolution
		HideSolutionNode = FALSE
	EndGlobalSection
	GlobalSection(ExtensibilityGlobals) = postSolution
		SolutionGuid = {4565CEC4-DD5C-4363-A2B3-7A054E01A464}
	EndGlobalSection
EndGlobal
