Microsoft Visual Studio Solution File, Format Version 12.00
# Visual Studio Version 17
VisualStudioVersion = 17.5.2.0
MinimumVisualStudioVersion = 10.0.40219.1
Project("{FAE04EC0-301F-11D3-BF4B-00C04F79EFBC}") = "SP2_7", "SP2_7.csproj", "{256D8EDE-A61D-0F1E-5739-2A48794F5C8E}"
EndProject
Global
	GlobalSection(SolutionConfigurationPlatforms) = preSolution
		Debug|Any CPU = Debug|Any CPU
		Release|Any CPU = Release|Any CPU
	EndGlobalSection
	GlobalSection(ProjectConfigurationPlatforms) = postSolution
		{256D8EDE-A61D-0F1E-5739-2A48794F5C8E}.Debug|Any CPU.ActiveCfg = Debug|Any CPU
		{256D8EDE-A61D-0F1E-5739-2A48794F5C8E}.Debug|Any CPU.Build.0 = Debug|Any CPU
		{256D8EDE-A61D-0F1E-5739-2A48794F5C8E}.Release|Any CPU.ActiveCfg = Release|Any CPU
		{256D8EDE-A61D-0F1E-5739-2A48794F5C8E}.Release|Any CPU.Build.0 = Release|Any CPU
	EndGlobalSection
	GlobalSection(SolutionProperties) = preSolution
		HideSolutionNode = FALSE
	EndGlobalSection
	GlobalSection(ExtensibilityGlobals) = postSolution
		SolutionGuid = {B6CE0C01-4828-4F88-9BC7-1DC55A62530F}
	EndGlobalSection
EndGlobal
