Microsoft Visual Studio Solution File, Format Version 12.00
# Visual Studio Version 17
VisualStudioVersion = 17.5.2.0
MinimumVisualStudioVersion = 10.0.40219.1
Project("{FAE04EC0-301F-11D3-BF4B-00C04F79EFBC}") = "SP2_5", "SP2_5.csproj", "{9664F10E-98EC-8322-E0DE-F0D98FE838A4}"
EndProject
Global
	GlobalSection(SolutionConfigurationPlatforms) = preSolution
		Debug|Any CPU = Debug|Any CPU
		Release|Any CPU = Release|Any CPU
	EndGlobalSection
	GlobalSection(ProjectConfigurationPlatforms) = postSolution
		{9664F10E-98EC-8322-E0DE-F0D98FE838A4}.Debug|Any CPU.ActiveCfg = Debug|Any CPU
		{9664F10E-98EC-8322-E0DE-F0D98FE838A4}.Debug|Any CPU.Build.0 = Debug|Any CPU
		{9664F10E-98EC-8322-E0DE-F0D98FE838A4}.Release|Any CPU.ActiveCfg = Release|Any CPU
		{9664F10E-98EC-8322-E0DE-F0D98FE838A4}.Release|Any CPU.Build.0 = Release|Any CPU
	EndGlobalSection
	GlobalSection(SolutionProperties) = preSolution
		HideSolutionNode = FALSE
	EndGlobalSection
	GlobalSection(ExtensibilityGlobals) = postSolution
		SolutionGuid = {FF1D117A-CA53-4D6D-AB9D-98BF5C403B01}
	EndGlobalSection
EndGlobal
